
Microsoft Visual Studio Solution File, Format Version 12.00
# Visual Studio Version 17
VisualStudioVersion = 17.5.002.0
MinimumVisualStudioVersion = 10.0.40219.1
Project("{2150E333-8FDC-42A3-9474-1A3956D46DE8}") = "src", "src", "{B16EDE95-5CA6-42A3-9B05-AA5BF999AFF2}"
EndProject
Project("{9A19103F-16F7-4668-BE54-9A1E7A4F7556}") = "CommentToEmail", "src\CommentToEmail\CommentToEmail.csproj", "{23E9B3FF-1285-4305-98BF-E7F43C62152E}"
EndProject
Global
	GlobalSection(SolutionConfigurationPlatforms) = preSolution
		Debug|Any CPU = Debug|Any CPU
		Release|Any CPU = Release|Any CPU
	EndGlobalSection
	GlobalSection(ProjectConfigurationPlatforms) = postSolution
		{23E9B3FF-1285-4305-98BF-E7F43C62152E}.Debug|Any CPU.ActiveCfg = Debug|Any CPU
		{23E9B3FF-1285-4305-98BF-E7F43C62152E}.Debug|Any CPU.Build.0 = Debug|Any CPU
		{23E9B3FF-1285-4305-98BF-E7F43C62152E}.Release|Any CPU.ActiveCfg = Release|Any CPU
		{23E9B3FF-1285-4305-98BF-E7F43C62152E}.Release|Any CPU.Build.0 = Release|Any CPU
	EndGlobalSection
	GlobalSection(SolutionProperties) = preSolution
		HideSolutionNode = FALSE
	EndGlobalSection
	GlobalSection(NestedProjects) = preSolution
		{23E9B3FF-1285-4305-98BF-E7F43C62152E} = {B16EDE95-5CA6-42A3-9B05-AA5BF999AFF2}
	EndGlobalSection
	GlobalSection(ExtensibilityGlobals) = postSolution
		SolutionGuid = {D6CD76F8-D6F3-4050-86D5-34B163131152}
	EndGlobalSection
EndGlobal
